
Microsoft Visual Studio Solution File, Format Version 12.00
# Visual Studio Version 17
VisualStudioVersion = 17.8.34525.116
MinimumVisualStudioVersion = 10.0.40219.1
Project("{FAE04EC0-301F-11D3-BF4B-00C04F79EFBC}") = "InfoGames", "InfoGames.csproj", "{8E5E4D9C-B561-4F92-99FE-DF8D3E8B01D1}"
EndProject
Global
	GlobalSection(SolutionConfigurationPlatforms) = preSolution
		Debug|Any CPU = Debug|Any CPU
		Release|Any CPU = Release|Any CPU
	EndGlobalSection
	GlobalSection(ProjectConfigurationPlatforms) = postSolution
		{8E5E4D9C-B561-4F92-99FE-DF8D3E8B01D1}.Debug|Any CPU.ActiveCfg = Debug|Any CPU
		{8E5E4D9C-B561-4F92-99FE-DF8D3E8B01D1}.Debug|Any CPU.Build.0 = Debug|Any CPU
		{8E5E4D9C-B561-4F92-99FE-DF8D3E8B01D1}.Release|Any CPU.ActiveCfg = Release|Any CPU
		{8E5E4D9C-B561-4F92-99FE-DF8D3E8B01D1}.Release|Any CPU.Build.0 = Release|Any CPU
	EndGlobalSection
	GlobalSection(SolutionProperties) = preSolution
		HideSolutionNode = FALSE
	EndGlobalSection
	GlobalSection(ExtensibilityGlobals) = postSolution
		SolutionGuid = {7EE0C962-3D6F-431D-99CE-6992A0387420}
	EndGlobalSection
EndGlobal
